
Microsoft Visual Studio Solution File, Format Version 12.00
# Visual Studio Version 17
VisualStudioVersion = 17.0.31903.59
MinimumVisualStudioVersion = 10.0.40219.1
Project("{FAE04EC0-301F-11D3-BF4B-00C04F79EFBC}") = "API", "API\API.csproj", "{9AF0F988-D014-4BB5-8C19-1DEDD5AD341E}"
EndProject
Project("{FAE04EC0-301F-11D3-BF4B-00C04F79EFBC}") = "Core", "Core\Core.csproj", "{5A0CC439-3BBF-4795-80B2-1F87DE2BE53D}"
EndProject
Project("{FAE04EC0-301F-11D3-BF4B-00C04F79EFBC}") = "Infrastructure", "Infrastructure\Infrastructure.csproj", "{39465001-D858-4D28-A2E7-30DFB08D97A1}"
EndProject
Global
	GlobalSection(SolutionConfigurationPlatforms) = preSolution
		Debug|Any CPU = Debug|Any CPU
		Release|Any CPU = Release|Any CPU
	EndGlobalSection
	GlobalSection(SolutionProperties) = preSolution
		HideSolutionNode = FALSE
	EndGlobalSection
	GlobalSection(ProjectConfigurationPlatforms) = postSolution
		{9AF0F988-D014-4BB5-8C19-1DEDD5AD341E}.Debug|Any CPU.ActiveCfg = Debug|Any CPU
		{9AF0F988-D014-4BB5-8C19-1DEDD5AD341E}.Debug|Any CPU.Build.0 = Debug|Any CPU
		{9AF0F988-D014-4BB5-8C19-1DEDD5AD341E}.Release|Any CPU.ActiveCfg = Release|Any CPU
		{9AF0F988-D014-4BB5-8C19-1DEDD5AD341E}.Release|Any CPU.Build.0 = Release|Any CPU
		{5A0CC439-3BBF-4795-80B2-1F87DE2BE53D}.Debug|Any CPU.ActiveCfg = Debug|Any CPU
		{5A0CC439-3BBF-4795-80B2-1F87DE2BE53D}.Debug|Any CPU.Build.0 = Debug|Any CPU
		{5A0CC439-3BBF-4795-80B2-1F87DE2BE53D}.Release|Any CPU.ActiveCfg = Release|Any CPU
		{5A0CC439-3BBF-4795-80B2-1F87DE2BE53D}.Release|Any CPU.Build.0 = Release|Any CPU
		{39465001-D858-4D28-A2E7-30DFB08D97A1}.Debug|Any CPU.ActiveCfg = Debug|Any CPU
		{39465001-D858-4D28-A2E7-30DFB08D97A1}.Debug|Any CPU.Build.0 = Debug|Any CPU
		{39465001-D858-4D28-A2E7-30DFB08D97A1}.Release|Any CPU.ActiveCfg = Release|Any CPU
		{39465001-D858-4D28-A2E7-30DFB08D97A1}.Release|Any CPU.Build.0 = Release|Any CPU
	EndGlobalSection
EndGlobal
